// !$*UTF8*$!
{
	archiveVersion = 1;
	classes = {
	};
	objectVersion = 50;
	objects = {

/* Begin PBXBuildFile section */
		E315B8D8246B3A2F0085D222 /* PhotosCollectionViewCell.swift in Sources */ = {isa = PBXBuildFile; fileRef = E315B8D7246B3A2F0085D222 /* PhotosCollectionViewCell.swift */; };
		E318791824647C5400D4F98E /* SearchLocationPicture.swift in Sources */ = {isa = PBXBuildFile; fileRef = E318791724647C5300D4F98E /* SearchLocationPicture.swift */; };
		E376D974243F9C4B0016FB1E /* AppDelegate.swift in Sources */ = {isa = PBXBuildFile; fileRef = E376D973243F9C4B0016FB1E /* AppDelegate.swift */; };
		E376D976243F9C4B0016FB1E /* SceneDelegate.swift in Sources */ = {isa = PBXBuildFile; fileRef = E376D975243F9C4B0016FB1E /* SceneDelegate.swift */; };
		E376D978243F9C4B0016FB1E /* TravelLocationsMapVC.swift in Sources */ = {isa = PBXBuildFile; fileRef = E376D977243F9C4B0016FB1E /* TravelLocationsMapVC.swift */; };
		E376D97B243F9C4B0016FB1E /* Main.storyboard in Resources */ = {isa = PBXBuildFile; fileRef = E376D979243F9C4B0016FB1E /* Main.storyboard */; };
		E376D97E243F9C4B0016FB1E /* VirtualTourist.xcdatamodeld in Sources */ = {isa = PBXBuildFile; fileRef = E376D97C243F9C4B0016FB1E /* VirtualTourist.xcdatamodeld */; };
		E376D980243F9C4B0016FB1E /* Assets.xcassets in Resources */ = {isa = PBXBuildFile; fileRef = E376D97F243F9C4B0016FB1E /* Assets.xcassets */; };
		E376D983243F9C4B0016FB1E /* LaunchScreen.storyboard in Resources */ = {isa = PBXBuildFile; fileRef = E376D981243F9C4B0016FB1E /* LaunchScreen.storyboard */; };
		E3AB64782464514B000ED9E9 /* Client.swift in Sources */ = {isa = PBXBuildFile; fileRef = E3AB64772464514B000ED9E9 /* Client.swift */; };
		E3B7EE81244A3A980083CFCF /* DataController.swift in Sources */ = {isa = PBXBuildFile; fileRef = E3B7EE80244A3A980083CFCF /* DataController.swift */; };
		E3CA420D2469A02300C1588B /* PhotoAlbumVC.swift in Sources */ = {isa = PBXBuildFile; fileRef = E3CA420C2469A02300C1588B /* PhotoAlbumVC.swift */; };
/* End PBXBuildFile section */

/* Begin PBXFileReference section */
		E315B8D7246B3A2F0085D222 /* PhotosCollectionViewCell.swift */ = {isa = PBXFileReference; lastKnownFileType = sourcecode.swift; path = PhotosCollectionViewCell.swift; sourceTree = "<group>"; };
		E318791724647C5300D4F98E /* SearchLocationPicture.swift */ = {isa = PBXFileReference; lastKnownFileType = sourcecode.swift; path = SearchLocationPicture.swift; sourceTree = "<group>"; };
		E376D970243F9C4B0016FB1E /* VirtualTourist.app */ = {isa = PBXFileReference; explicitFileType = wrapper.application; includeInIndex = 0; path = VirtualTourist.app; sourceTree = BUILT_PRODUCTS_DIR; };
		E376D973243F9C4B0016FB1E /* AppDelegate.swift */ = {isa = PBXFileReference; lastKnownFileType = sourcecode.swift; path = AppDelegate.swift; sourceTree = "<group>"; };
		E376D975243F9C4B0016FB1E /* SceneDelegate.swift */ = {isa = PBXFileReference; lastKnownFileType = sourcecode.swift; path = SceneDelegate.swift; sourceTree = "<group>"; };
		E376D977243F9C4B0016FB1E /* TravelLocationsMapVC.swift */ = {isa = PBXFileReference; lastKnownFileType = sourcecode.swift; path = TravelLocationsMapVC.swift; sourceTree = "<group>"; };
		E376D97A243F9C4B0016FB1E /* Base */ = {isa = PBXFileReference; lastKnownFileType = file.storyboard; name = Base; path = Base.lproj/Main.storyboard; sourceTree = "<group>"; };
		E376D97D243F9C4B0016FB1E /* VirtualTourist.xcdatamodel */ = {isa = PBXFileReference; lastKnownFileType = wrapper.xcdatamodel; path = VirtualTourist.xcdatamodel; sourceTree = "<group>"; };
		E376D97F243F9C4B0016FB1E /* Assets.xcassets */ = {isa = PBXFileReference; lastKnownFileType = folder.assetcatalog; path = Assets.xcassets; sourceTree = "<group>"; };
		E376D982243F9C4B0016FB1E /* Base */ = {isa = PBXFileReference; lastKnownFileType = file.storyboard; name = Base; path = Base.lproj/LaunchScreen.storyboard; sourceTree = "<group>"; };
		E376D984243F9C4B0016FB1E /* Info.plist */ = {isa = PBXFileReference; lastKnownFileType = text.plist.xml; path = Info.plist; sourceTree = "<group>"; };
		E3AB64772464514B000ED9E9 /* Client.swift */ = {isa = PBXFileReference; lastKnownFileType = sourcecode.swift; path = Client.swift; sourceTree = "<group>"; };
		E3B7EE80244A3A980083CFCF /* DataController.swift */ = {isa = PBXFileReference; lastKnownFileType = sourcecode.swift; path = DataController.swift; sourceTree = "<group>"; };
		E3CA420C2469A02300C1588B /* PhotoAlbumVC.swift */ = {isa = PBXFileReference; lastKnownFileType = sourcecode.swift; path = PhotoAlbumVC.swift; sourceTree = "<group>"; };
/* End PBXFileReference section */

/* Begin PBXFrameworksBuildPhase section */
		E376D96D243F9C4B0016FB1E /* Frameworks */ = {
			isa = PBXFrameworksBuildPhase;
			buildActionMask = 2147483647;
			files = (
			);
			runOnlyForDeploymentPostprocessing = 0;
		};
/* End PBXFrameworksBuildPhase section */

/* Begin PBXGroup section */
		E3558ACC244DD96300591A0F /* Controllers */ = {
			isa = PBXGroup;
			children = (
				E376D977243F9C4B0016FB1E /* TravelLocationsMapVC.swift */,
				E3CA420C2469A02300C1588B /* PhotoAlbumVC.swift */,
			);
			path = Controllers;
			sourceTree = "<group>";
		};
		E376D967243F9C4B0016FB1E = {
			isa = PBXGroup;
			children = (
				E376D972243F9C4B0016FB1E /* VirtualTourist */,
				E376D971243F9C4B0016FB1E /* Products */,
			);
			sourceTree = "<group>";
		};
		E376D971243F9C4B0016FB1E /* Products */ = {
			isa = PBXGroup;
			children = (
				E376D970243F9C4B0016FB1E /* VirtualTourist.app */,
			);
			name = Products;
			sourceTree = "<group>";
		};
		E376D972243F9C4B0016FB1E /* VirtualTourist */ = {
			isa = PBXGroup;
			children = (
				E376D984243F9C4B0016FB1E /* Info.plist */,
				E376D973243F9C4B0016FB1E /* AppDelegate.swift */,
				E376D975243F9C4B0016FB1E /* SceneDelegate.swift */,
				E3558ACC244DD96300591A0F /* Controllers */,
				E3B7EE82244A3B140083CFCF /* View */,
				E3B7EE7F244A3A820083CFCF /* Model */,
			);
			path = VirtualTourist;
			sourceTree = "<group>";
		};
		E3AB647924645184000ED9E9 /* Networking */ = {
			isa = PBXGroup;
			children = (
				E3AB64772464514B000ED9E9 /* Client.swift */,
				E318791724647C5300D4F98E /* SearchLocationPicture.swift */,
			);
			path = Networking;
			sourceTree = "<group>";
		};
		E3B7EE7F244A3A820083CFCF /* Model */ = {
			isa = PBXGroup;
			children = (
				E3AB647924645184000ED9E9 /* Networking */,
				E376D97C243F9C4B0016FB1E /* VirtualTourist.xcdatamodeld */,
				E3B7EE80244A3A980083CFCF /* DataController.swift */,
			);
			path = Model;
			sourceTree = "<group>";
		};
		E3B7EE82244A3B140083CFCF /* View */ = {
			isa = PBXGroup;
			children = (
				E376D979243F9C4B0016FB1E /* Main.storyboard */,
				E376D97F243F9C4B0016FB1E /* Assets.xcassets */,
				E376D981243F9C4B0016FB1E /* LaunchScreen.storyboard */,
				E3FA4565246C35C90040B1ED /* Cell */,
			);
			path = View;
			sourceTree = "<group>";
		};
		E3FA4565246C35C90040B1ED /* Cell */ = {
			isa = PBXGroup;
			children = (
				E315B8D7246B3A2F0085D222 /* PhotosCollectionViewCell.swift */,
			);
			path = Cell;
			sourceTree = "<group>";
		};
/* End PBXGroup section */

/* Begin PBXNativeTarget section */
		E376D96F243F9C4B0016FB1E /* VirtualTourist */ = {
			isa = PBXNativeTarget;
			buildConfigurationList = E376D987243F9C4B0016FB1E /* Build configuration list for PBXNativeTarget "VirtualTourist" */;
			buildPhases = (
				E376D96C243F9C4B0016FB1E /* Sources */,
				E376D96D243F9C4B0016FB1E /* Frameworks */,
				E376D96E243F9C4B0016FB1E /* Resources */,
			);
			buildRules = (
			);
			dependencies = (
			);
			name = VirtualTourist;
			productName = VirtualTourist;
			productReference = E376D970243F9C4B0016FB1E /* VirtualTourist.app */;
			productType = "com.apple.product-type.application";
		};
/* End PBXNativeTarget section */

/* Begin PBXProject section */
		E376D968243F9C4B0016FB1E /* Project object */ = {
			isa = PBXProject;
			attributes = {
				LastSwiftUpdateCheck = 1130;
				LastUpgradeCheck = 1130;
				ORGANIZATIONNAME = "Michal Hus";
				TargetAttributes = {
					E376D96F243F9C4B0016FB1E = {
						CreatedOnToolsVersion = 11.3.1;
					};
				};
			};
			buildConfigurationList = E376D96B243F9C4B0016FB1E /* Build configuration list for PBXProject "VirtualTourist" */;
			compatibilityVersion = "Xcode 9.3";
			developmentRegion = en;
			hasScannedForEncodings = 0;
			knownRegions = (
				en,
				Base,
			);
			mainGroup = E376D967243F9C4B0016FB1E;
			productRefGroup = E376D971243F9C4B0016FB1E /* Products */;
			projectDirPath = "";
			projectRoot = "";
			targets = (
				E376D96F243F9C4B0016FB1E /* VirtualTourist */,
			);
		};
/* End PBXProject section */

/* Begin PBXResourcesBuildPhase section */
		E376D96E243F9C4B0016FB1E /* Resources */ = {
			isa = PBXResourcesBuildPhase;
			buildActionMask = 2147483647;
			files = (
				E376D983243F9C4B0016FB1E /* LaunchScreen.storyboard in Resources */,
				E376D980243F9C4B0016FB1E /* Assets.xcassets in Resources */,
				E376D97B243F9C4B0016FB1E /* Main.storyboard in Resources */,
			);
			runOnlyForDeploymentPostprocessing = 0;
		};
/* End PBXResourcesBuildPhase section */

/* Begin PBXSourcesBuildPhase section */
		E376D96C243F9C4B0016FB1E /* Sources */ = {
			isa = PBXSourcesBuildPhase;
			buildActionMask = 2147483647;
			files = (
				E3B7EE81244A3A980083CFCF /* DataController.swift in Sources */,
				E376D97E243F9C4B0016FB1E /* VirtualTourist.xcdatamodeld in Sources */,
				E315B8D8246B3A2F0085D222 /* PhotosCollectionViewCell.swift in Sources */,
				E3CA420D2469A02300C1588B /* PhotoAlbumVC.swift in Sources */,
				E318791824647C5400D4F98E /* SearchLocationPicture.swift in Sources */,
				E3AB64782464514B000ED9E9 /* Client.swift in Sources */,
				E376D978243F9C4B0016FB1E /* TravelLocationsMapVC.swift in Sources */,
				E376D974243F9C4B0016FB1E /* AppDelegate.swift in Sources */,
				E376D976243F9C4B0016FB1E /* SceneDelegate.swift in Sources */,
			);
			runOnlyForDeploymentPostprocessing = 0;
		};
/* End PBXSourcesBuildPhase section */

/* Begin PBXVariantGroup section */
		E376D979243F9C4B0016FB1E /* Main.storyboard */ = {
			isa = PBXVariantGroup;
			children = (
				E376D97A243F9C4B0016FB1E /* Base */,
			);
			name = Main.storyboard;
			sourceTree = "<group>";
		};
		E376D981243F9C4B0016FB1E /* LaunchScreen.storyboard */ = {
			isa = PBXVariantGroup;
			children = (
				E376D982243F9C4B0016FB1E /* Base */,
			);
			name = LaunchScreen.storyboard;
			sourceTree = "<group>";
		};
/* End PBXVariantGroup section */

/* Begin XCBuildConfiguration section */
		E376D985243F9C4B0016FB1E /* Debug */ = {
			isa = XCBuildConfiguration;
			buildSettings = {
				ALWAYS_SEARCH_USER_PATHS = NO;
				CLANG_ANALYZER_NONNULL = YES;
				CLANG_ANALYZER_NUMBER_OBJECT_CONVERSION = YES_AGGRESSIVE;
				CLANG_CXX_LANGUAGE_STANDARD = "gnu++14";
				CLANG_CXX_LIBRARY = "libc++";
				CLANG_ENABLE_MODULES = YES;
				CLANG_ENABLE_OBJC_ARC = YES;
				CLANG_ENABLE_OBJC_WEAK = YES;
				CLANG_WARN_BLOCK_CAPTURE_AUTORELEASING = YES;
				CLANG_WARN_BOOL_CONVERSION = YES;
				CLANG_WARN_COMMA = YES;
				CLANG_WARN_CONSTANT_CONVERSION = YES;
				CLANG_WARN_DEPRECATED_OBJC_IMPLEMENTATIONS = YES;
				CLANG_WARN_DIRECT_OBJC_ISA_USAGE = YES_ERROR;
				CLANG_WARN_DOCUMENTATION_COMMENTS = YES;
				CLANG_WARN_EMPTY_BODY = YES;
				CLANG_WARN_ENUM_CONVERSION = YES;
				CLANG_WARN_INFINITE_RECURSION = YES;
				CLANG_WARN_INT_CONVERSION = YES;
				CLANG_WARN_NON_LITERAL_NULL_CONVERSION = YES;
				CLANG_WARN_OBJC_IMPLICIT_RETAIN_SELF = YES;
				CLANG_WARN_OBJC_LITERAL_CONVERSION = YES;
				CLANG_WARN_OBJC_ROOT_CLASS = YES_ERROR;
				CLANG_WARN_RANGE_LOOP_ANALYSIS = YES;
				CLANG_WARN_STRICT_PROTOTYPES = YES;
				CLANG_WARN_SUSPICIOUS_MOVE = YES;
				CLANG_WARN_UNGUARDED_AVAILABILITY = YES_AGGRESSIVE;
				CLANG_WARN_UNREACHABLE_CODE = YES;
				CLANG_WARN__DUPLICATE_METHOD_MATCH = YES;
				COPY_PHASE_STRIP = NO;
				DEBUG_INFORMATION_FORMAT = dwarf;
				ENABLE_STRICT_OBJC_MSGSEND = YES;
				ENABLE_TESTABILITY = YES;
				GCC_C_LANGUAGE_STANDARD = gnu11;
				GCC_DYNAMIC_NO_PIC = NO;
				GCC_NO_COMMON_BLOCKS = YES;
				GCC_OPTIMIZATION_LEVEL = 0;
				GCC_PREPROCESSOR_DEFINITIONS = (
					"DEBUG=1",
					"$(inherited)",
				);
				GCC_WARN_64_TO_32_BIT_CONVERSION = YES;
				GCC_WARN_ABOUT_RETURN_TYPE = YES_ERROR;
				GCC_WARN_UNDECLARED_SELECTOR = YES;
				GCC_WARN_UNINITIALIZED_AUTOS = YES_AGGRESSIVE;
				GCC_WARN_UNUSED_FUNCTION = YES;
				GCC_WARN_UNUSED_VARIABLE = YES;
				IPHONEOS_DEPLOYMENT_TARGET = 13.2;
				MTL_ENABLE_DEBUG_INFO = INCLUDE_SOURCE;
				MTL_FAST_MATH = YES;
				ONLY_ACTIVE_ARCH = YES;
				SDKROOT = iphoneos;
				SWIFT_ACTIVE_COMPILATION_CONDITIONS = DEBUG;
				SWIFT_OPTIMIZATION_LEVEL = "-Onone";
			};
			name = Debug;
		};
		E376D986243F9C4B0016FB1E /* Release */ = {
			isa = XCBuildConfiguration;
			buildSettings = {
				ALWAYS_SEARCH_USER_PATHS = NO;
				CLANG_ANALYZER_NONNULL = YES;
				CLANG_ANALYZER_NUMBER_OBJECT_CONVERSION = YES_AGGRESSIVE;
				CLANG_CXX_LANGUAGE_STANDARD = "gnu++14";
				CLANG_CXX_LIBRARY = "libc++";
				CLANG_ENABLE_MODULES = YES;
				CLANG_ENABLE_OBJC_ARC = YES;
				CLANG_ENABLE_OBJC_WEAK = YES;
				CLANG_WARN_BLOCK_CAPTURE_AUTORELEASING = YES;
				CLANG_WARN_BOOL_CONVERSION = YES;
				CLANG_WARN_COMMA = YES;
				CLANG_WARN_CONSTANT_CONVERSION = YES;
				CLANG_WARN_DEPRECATED_OBJC_IMPLEMENTATIONS = YES;
				CLANG_WARN_DIRECT_OBJC_ISA_USAGE = YES_ERROR;
				CLANG_WARN_DOCUMENTATION_COMMENTS = YES;
				CLANG_WARN_EMPTY_BODY = YES;
				CLANG_WARN_ENUM_CONVERSION = YES;
				CLANG_WARN_INFINITE_RECURSION = YES;
				CLANG_WARN_INT_CONVERSION = YES;
				CLANG_WARN_NON_LITERAL_NULL_CONVERSION = YES;
				CLANG_WARN_OBJC_IMPLICIT_RETAIN_SELF = YES;
				CLANG_WARN_OBJC_LITERAL_CONVERSION = YES;
				CLANG_WARN_OBJC_ROOT_CLASS = YES_ERROR;
				CLANG_WARN_RANGE_LOOP_ANALYSIS = YES;
				CLANG_WARN_STRICT_PROTOTYPES = YES;
				CLANG_WARN_SUSPICIOUS_MOVE = YES;
				CLANG_WARN_UNGUARDED_AVAILABILITY = YES_AGGRESSIVE;
				CLANG_WARN_UNREACHABLE_CODE = YES;
				CLANG_WARN__DUPLICATE_METHOD_MATCH = YES;
				COPY_PHASE_STRIP = NO;
				DEBUG_INFORMATION_FORMAT = "dwarf-with-dsym";
				ENABLE_NS_ASSERTIONS = NO;
				ENABLE_STRICT_OBJC_MSGSEND = YES;
				GCC_C_LANGUAGE_STANDARD = gnu11;
				GCC_NO_COMMON_BLOCKS = YES;
				GCC_WARN_64_TO_32_BIT_CONVERSION = YES;
				GCC_WARN_ABOUT_RETURN_TYPE = YES_ERROR;
				GCC_WARN_UNDECLARED_SELECTOR = YES;
				GCC_WARN_UNINITIALIZED_AUTOS = YES_AGGRESSIVE;
				GCC_WARN_UNUSED_FUNCTION = YES;
				GCC_WARN_UNUSED_VARIABLE = YES;
				IPHONEOS_DEPLOYMENT_TARGET = 13.2;
				MTL_ENABLE_DEBUG_INFO = NO;
				MTL_FAST_MATH = YES;
				SDKROOT = iphoneos;
				SWIFT_COMPILATION_MODE = wholemodule;
				SWIFT_OPTIMIZATION_LEVEL = "-O";
				VALIDATE_PRODUCT = YES;
			};
			name = Release;
		};
		E376D988243F9C4B0016FB1E /* Debug */ = {
			isa = XCBuildConfiguration;
			buildSettings = {
				ASSETCATALOG_COMPILER_APPICON_NAME = AppIcon;
				CODE_SIGN_STYLE = Automatic;
				INFOPLIST_FILE = VirtualTourist/Info.plist;
				LD_RUNPATH_SEARCH_PATHS = (
					"$(inherited)",
					"@executable_path/Frameworks",
				);
				PRODUCT_BUNDLE_IDENTIFIER = com.michalhus.VirtualTourist;
				PRODUCT_NAME = "$(TARGET_NAME)";
				SWIFT_VERSION = 5.0;
				TARGETED_DEVICE_FAMILY = "1,2";
			};
			name = Debug;
		};
		E376D989243F9C4B0016FB1E /* Release */ = {
			isa = XCBuildConfiguration;
			buildSettings = {
				ASSETCATALOG_COMPILER_APPICON_NAME = AppIcon;
				CODE_SIGN_STYLE = Automatic;
				INFOPLIST_FILE = VirtualTourist/Info.plist;
				LD_RUNPATH_SEARCH_PATHS = (
					"$(inherited)",
					"@executable_path/Frameworks",
				);
				PRODUCT_BUNDLE_IDENTIFIER = com.michalhus.VirtualTourist;
				PRODUCT_NAME = "$(TARGET_NAME)";
				SWIFT_VERSION = 5.0;
				TARGETED_DEVICE_FAMILY = "1,2";
			};
			name = Release;
		};
/* End XCBuildConfiguration section */

/* Begin XCConfigurationList section */
		E376D96B243F9C4B0016FB1E /* Build configuration list for PBXProject "VirtualTourist" */ = {
			isa = XCConfigurationList;
			buildConfigurations = (
				E376D985243F9C4B0016FB1E /* Debug */,
				E376D986243F9C4B0016FB1E /* Release */,
			);
			defaultConfigurationIsVisible = 0;
			defaultConfigurationName = Release;
		};
		E376D987243F9C4B0016FB1E /* Build configuration list for PBXNativeTarget "VirtualTourist" */ = {
			isa = XCConfigurationList;
			buildConfigurations = (
				E376D988243F9C4B0016FB1E /* Debug */,
				E376D989243F9C4B0016FB1E /* Release */,
			);
			defaultConfigurationIsVisible = 0;
			defaultConfigurationName = Release;
		};
/* End XCConfigurationList section */

/* Begin XCVersionGroup section */
		E376D97C243F9C4B0016FB1E /* VirtualTourist.xcdatamodeld */ = {
			isa = XCVersionGroup;
			children = (
				E376D97D243F9C4B0016FB1E /* VirtualTourist.xcdatamodel */,
			);
			currentVersion = E376D97D243F9C4B0016FB1E /* VirtualTourist.xcdatamodel */;
			path = VirtualTourist.xcdatamodeld;
			sourceTree = "<group>";
			versionGroupType = wrapper.xcdatamodel;
		};
/* End XCVersionGroup section */
	};
	rootObject = E376D968243F9C4B0016FB1E /* Project object */;
}
